
Microsoft Visual Studio Solution File, Format Version 12.00
# Visual Studio Version 17
VisualStudioVersion = 17.7.34031.279
MinimumVisualStudioVersion = 10.0.40219.1
Project("{FAE04EC0-301F-11D3-BF4B-00C04F79EFBC}") = "Bai1_th", "Bai1_th\Bai1_th.csproj", "{8F5FBAC9-F02E-4AAB-8951-95EC3A73079D}"
EndProject
Global
	GlobalSection(SolutionConfigurationPlatforms) = preSolution
		Debug|Any CPU = Debug|Any CPU
		Release|Any CPU = Release|Any CPU
	EndGlobalSection
	GlobalSection(ProjectConfigurationPlatforms) = postSolution
		{8F5FBAC9-F02E-4AAB-8951-95EC3A73079D}.Debug|Any CPU.ActiveCfg = Debug|Any CPU
		{8F5FBAC9-F02E-4AAB-8951-95EC3A73079D}.Debug|Any CPU.Build.0 = Debug|Any CPU
		{8F5FBAC9-F02E-4AAB-8951-95EC3A73079D}.Release|Any CPU.ActiveCfg = Release|Any CPU
		{8F5FBAC9-F02E-4AAB-8951-95EC3A73079D}.Release|Any CPU.Build.0 = Release|Any CPU
	EndGlobalSection
	GlobalSection(SolutionProperties) = preSolution
		HideSolutionNode = FALSE
	EndGlobalSection
	GlobalSection(ExtensibilityGlobals) = postSolution
		SolutionGuid = {467E247E-9EF5-4339-8D2C-BFC74A095FDE}
	EndGlobalSection
EndGlobal
